{
  "version": 1,
  "dependencies": {
    "net10.0": {
      "Markdig": {
        "type": "Direct",
        "requested": "[1.3.2, )",
        "resolved": "1.3.2",
        "contentHash": "fZgOC/3CswUrndjDTac70aQpYdtxbW5+5bRumR7vzvI2HJbkmgKisB1c9oT+GA6v0jB/JDR9BLa9FiPzQmaK6A=="
      },
      "Microsoft.Playwright": {
        "type": "Direct",
        "requested": "[1.63.0, )",
        "resolved": "1.63.0",
        "contentHash": "O9F45Tt5vjauIo7mTTgQtahigL7cfRLvBMpErLJfdvgCnQ14yue5BmRASNnfNBWRBni4Mqp2YiD1eFGIO4nUUw==",
        "dependencies": {
          "Microsoft.Bcl.AsyncInterfaces": "6.0.0",
          "System.ComponentModel.Annotations": "5.0.0"
        }
      },
      "MimeKit": {
        "type": "Direct",
        "requested": "[4.18.0, )",
        "resolved": "4.18.0",
        "contentHash": "foq2guy0YL0l0WuHrW4CuYicooXDpXlTOG1kuzlw9VcWfZpaf6zu3nX2kV3n6VKTrMy24vQJgE2TepszntVd3A==",
        "dependencies": {
          "BouncyCastle.Cryptography": "2.7.0",
          "System.Security.Cryptography.Pkcs": "10.0.0"
        }
      },
      "ReverseMarkdown": {
        "type": "Direct",
        "requested": "[6.2.1, )",
        "resolved": "6.2.1",
        "contentHash": "4ef2AoeNdBHrKoMU6t04dxTQ72TXsNO3RfWU1YN5jaJjCIrQhvNo9nhfO+6z+j7UBZNadsdN2d4rzAFO27xUnw==",
        "dependencies": {
          "AngleSharp": "1.5.2"
        }
      },
      "AngleSharp": {
        "type": "Transitive",
        "resolved": "1.5.2",
        "contentHash": "LVZ7rrr6GHbhERhTgVDarVygl1e6KwE96pronA90LBOMacDhxR4lB+xYLjn/vlnUu+xbOB2RM9fuCPEx5bdyWA=="
      },
      "BouncyCastle.Cryptography": {
        "type": "Transitive",
        "resolved": "2.7.0",
        "contentHash": "U+12df8UEWHgBi04YVf/Lgi2dy3SItlIYvHjjEVa/BngCQIzDCDRBk50DDByCfDvSbe5pRNFr3b7UrVK2kMcLw=="
      },
      "Microsoft.Bcl.AsyncInterfaces": {
        "type": "Transitive",
        "resolved": "6.0.0",
        "contentHash": "UcSjPsst+DfAdJGVDsu346FX0ci0ah+lw3WRtn18NUwEqRt70HaOQ7lI72vy3+1LxtqI3T5GWwV39rQSrCzAeg=="
      },
      "System.ComponentModel.Annotations": {
        "type": "Transitive",
        "resolved": "5.0.0",
        "contentHash": "dMkqfy2el8A8/I76n2Hi1oBFEbG1SfxD2l5nhwXV3XjlnOmwxJlQbYpJH4W51odnU9sARCSAgv7S3CyAFMkpYg=="
      },
      "System.Security.Cryptography.Pkcs": {
        "type": "Transitive",
        "resolved": "10.0.0",
        "contentHash": "UPWqLSygJlFerRi9XNIuM0a1VC8gHUIufyP24xQ0sc+XimqUAEcjpOz9DhKpyDjH+5B/wO3RpC0KpkEeDj/ddg=="
      },
      "productivitymcp.core": {
        "type": "Project"
      }
    }
  }
}